<?xml version="1.0" encoding="utf-8"?>
<Project ToolsVersion="4.0" xmlns="http://schemas.microsoft.com/developer/msbuild/2003">
  <ItemGroup>
    <Filter Include="Source">
      <UniqueIdentifier>{47313590-a729-4128-a7d0-436e5f1a72bd}</UniqueIdentifier>
    </Filter>
    <Filter Include="Source\AES">
      <UniqueIdentifier>{edd8375b-a52b-43af-906b-0ce766870fef}</UniqueIdentifier>
    </Filter>
    <Filter Include="Source\Hash">
      <UniqueIdentifier>{8fb6fb8d-cea7-47f6-9ec6-2f7c2e7018d1}</UniqueIdentifier>
    </Filter>
  </ItemGroup>
  <ItemGroup>
    <ClCompile Include="..\..\..\Software\Crypto\Hash\SHA.cpp">
      <Filter>Source\Hash</Filter>
    </ClCompile>
    <ClCompile Include="..\..\..\Software\Crypto\Hash\SHA512.cpp">
      <Filter>Source\Hash</Filter>
    </ClCompile>
    <ClCompile Include="..\..\..\Software\Crypto\AES\Decryptor.cpp">
      <Filter>Source\AES</Filter>
    </ClCompile>
    <ClCompile Include="..\..\..\Software\Crypto\AES\Encryptor.cpp">
      <Filter>Source\AES</Filter>
    </ClCompile>
    <ClCompile Include="..\..\..\Software\Crypto\Hash\Algorithm.cpp">
      <Filter>Source\Hash</Filter>
    </ClCompile>
  </ItemGroup>
  <ItemGroup>
    <ClInclude Include="..\..\..\Software\Crypto\Hash\SHA.h">
      <Filter>Source\Hash</Filter>
    </ClInclude>
    <ClInclude Include="..\..\..\Software\Crypto\Hash\SHA512.h">
      <Filter>Source\Hash</Filter>
    </ClInclude>
    <ClInclude Include="..\..\..\Software\Crypto\AES\Decryptor.h">
      <Filter>Source\AES</Filter>
    </ClInclude>
    <ClInclude Include="..\..\..\Software\Crypto\AES\Encryptor.h">
      <Filter>Source\AES</Filter>
    </ClInclude>
    <ClInclude Include="..\..\..\Software\Crypto\Hash\Algorithm.h">
      <Filter>Source\Hash</Filter>
    </ClInclude>
    <ClInclude Include="..\..\..\Software\Crypto\Types.h">
      <Filter>Source</Filter>
    </ClInclude>
  </ItemGroup>
</Project>