<?xml version="1.0" encoding="utf-8"?>
<Project ToolsVersion="4.0" xmlns="http://schemas.microsoft.com/developer/msbuild/2003">
  <ItemGroup>
    <Filter Include="src">
      <UniqueIdentifier>{de436eb4-6f4b-4e9a-8c7b-0d593e271610}</UniqueIdentifier>
    </Filter>
    <Filter Include="src\Crypto">
      <UniqueIdentifier>{efef4a92-3ff6-4412-826f-55dadd5c622a}</UniqueIdentifier>
    </Filter>
    <Filter Include="src\Crypto\AES">
      <UniqueIdentifier>{74c37dee-3390-41d4-9b7c-ec46a799bc2a}</UniqueIdentifier>
    </Filter>
    <Filter Include="src\Crypto\Cipher">
      <UniqueIdentifier>{c2d7a69a-978b-424a-9863-9c1d14ef4fa3}</UniqueIdentifier>
    </Filter>
    <Filter Include="src\Crypto\Communication">
      <UniqueIdentifier>{0936669d-6be6-437d-a99c-cd2d6e03e708}</UniqueIdentifier>
    </Filter>
    <Filter Include="src\Crypto\Communication\Messages">
      <UniqueIdentifier>{ec133276-e723-4b79-915c-1f63061b4ce2}</UniqueIdentifier>
    </Filter>
    <Filter Include="src\Crypto\Hash">
      <UniqueIdentifier>{3bc40115-da93-4495-a4c5-b1cc5d12ba60}</UniqueIdentifier>
    </Filter>
    <Filter Include="src\Crypto\KeyExchange">
      <UniqueIdentifier>{9fa479aa-a719-41ab-9f4a-69c1de1b4c43}</UniqueIdentifier>
    </Filter>
    <Filter Include="src\Crypto\Math">
      <UniqueIdentifier>{09b4a739-5f99-4be1-88fb-7d2ff4f03712}</UniqueIdentifier>
    </Filter>
  </ItemGroup>
  <ItemGroup>
    <ClInclude Include="..\..\..\src\Crypto\Math\GCD.h">
      <Filter>src\Crypto\Math</Filter>
    </ClInclude>
    <ClInclude Include="..\..\..\src\Crypto\Math\Prime.h">
      <Filter>src\Crypto\Math</Filter>
    </ClInclude>
    <ClInclude Include="..\..\..\src\Crypto\KeyExchange\DiffieHellman.h">
      <Filter>src\Crypto\KeyExchange</Filter>
    </ClInclude>
    <ClInclude Include="..\..\..\src\Crypto\KeyExchange\PublicKey.h">
      <Filter>src\Crypto\KeyExchange</Filter>
    </ClInclude>
    <ClInclude Include="..\..\..\src\Crypto\Hash\Algorithm.h">
      <Filter>src\Crypto\Hash</Filter>
    </ClInclude>
    <ClInclude Include="..\..\..\src\Crypto\Hash\SHA.h">
      <Filter>src\Crypto\Hash</Filter>
    </ClInclude>
    <ClInclude Include="..\..\..\src\Crypto\Hash\SHA512.h">
      <Filter>src\Crypto\Hash</Filter>
    </ClInclude>
    <ClInclude Include="..\..\..\src\Crypto\Communication\Session.h">
      <Filter>src\Crypto\Communication</Filter>
    </ClInclude>
    <ClInclude Include="..\..\..\src\Crypto\Communication\Messages\EstablishSession.h">
      <Filter>src\Crypto\Communication\Messages</Filter>
    </ClInclude>
    <ClInclude Include="..\..\..\src\Crypto\Communication\Messages\Message.h">
      <Filter>src\Crypto\Communication\Messages</Filter>
    </ClInclude>
    <ClInclude Include="..\..\..\src\Crypto\Cipher\ICipher.h">
      <Filter>src\Crypto\Cipher</Filter>
    </ClInclude>
    <ClInclude Include="..\..\..\src\Crypto\Cipher\RSA.h">
      <Filter>src\Crypto\Cipher</Filter>
    </ClInclude>
    <ClInclude Include="..\..\..\src\Crypto\AES\Configuration.h">
      <Filter>src\Crypto\AES</Filter>
    </ClInclude>
    <ClInclude Include="..\..\..\src\Crypto\AES\Decryptor.h">
      <Filter>src\Crypto\AES</Filter>
    </ClInclude>
    <ClInclude Include="..\..\..\src\Crypto\AES\Encryptor.h">
      <Filter>src\Crypto\AES</Filter>
    </ClInclude>
    <ClInclude Include="..\..\..\src\Crypto\UInt.h">
      <Filter>src\Crypto</Filter>
    </ClInclude>
    <ClInclude Include="..\..\..\src\Crypto\Types.h">
      <Filter>src\Crypto</Filter>
    </ClInclude>
  </ItemGroup>
  <ItemGroup>
    <ClCompile Include="..\..\..\src\Crypto\Math\GCD.cpp">
      <Filter>src\Crypto\Math</Filter>
    </ClCompile>
    <ClCompile Include="..\..\..\src\Crypto\Math\Prime.cpp">
      <Filter>src\Crypto\Math</Filter>
    </ClCompile>
    <ClCompile Include="..\..\..\src\Crypto\KeyExchange\DiffieHellman.cpp">
      <Filter>src\Crypto\KeyExchange</Filter>
    </ClCompile>
    <ClCompile Include="..\..\..\src\Crypto\KeyExchange\PublicKey.cpp">
      <Filter>src\Crypto\KeyExchange</Filter>
    </ClCompile>
    <ClCompile Include="..\..\..\src\Crypto\Hash\Algorithm.cpp">
      <Filter>src\Crypto\Hash</Filter>
    </ClCompile>
    <ClCompile Include="..\..\..\src\Crypto\Hash\SHA.cpp">
      <Filter>src\Crypto\Hash</Filter>
    </ClCompile>
    <ClCompile Include="..\..\..\src\Crypto\Hash\SHA512.cpp">
      <Filter>src\Crypto\Hash</Filter>
    </ClCompile>
    <ClCompile Include="..\..\..\src\Crypto\Communication\Session.cpp">
      <Filter>src\Crypto\Communication</Filter>
    </ClCompile>
    <ClCompile Include="..\..\..\src\Crypto\Communication\Messages\EstablishSession.cpp">
      <Filter>src\Crypto\Communication\Messages</Filter>
    </ClCompile>
    <ClCompile Include="..\..\..\src\Crypto\Communication\Messages\Message.cpp">
      <Filter>src\Crypto\Communication\Messages</Filter>
    </ClCompile>
    <ClCompile Include="..\..\..\src\Crypto\Cipher\RSA.cpp">
      <Filter>src\Crypto\Cipher</Filter>
    </ClCompile>
    <ClCompile Include="..\..\..\src\Crypto\AES\Configuration.cpp">
      <Filter>src\Crypto\AES</Filter>
    </ClCompile>
    <ClCompile Include="..\..\..\src\Crypto\AES\Decryptor.cpp">
      <Filter>src\Crypto\AES</Filter>
    </ClCompile>
    <ClCompile Include="..\..\..\src\Crypto\AES\Encryptor.cpp">
      <Filter>src\Crypto\AES</Filter>
    </ClCompile>
  </ItemGroup>
  <ItemGroup>
    <Text Include="..\..\..\CMakeLists.txt" />
    <Text Include="..\..\..\src\Crypto\AES\CMakeLists.txt">
      <Filter>src\Crypto\AES</Filter>
    </Text>
    <Text Include="..\..\..\src\CMakeLists.txt">
      <Filter>src</Filter>
    </Text>
    <Text Include="..\..\..\src\Crypto\CMakeLists.txt">
      <Filter>src\Crypto</Filter>
    </Text>
  </ItemGroup>
</Project>